
Microsoft Visual Studio Solution File, Format Version 12.00
# Visual Studio 14
VisualStudioVersion = 14.0.25420.1
MinimumVisualStudioVersion = 10.0.40219.1
Project("{FAE04EC0-301F-11D3-BF4B-00C04F79EFBC}") = "OmicronforAutoSteel", "OmicronforAutoSteel\OmicronforAutoSteel.csproj", "{FEED26CD-3771-40DC-93E6-5E52C7206FF7}"
EndProject
Project("{FAE04EC0-301F-11D3-BF4B-00C04F79EFBC}") = "BingLibrary", "BingLibrary\BingLibrary.csproj", "{4AF25010-F781-4A08-886F-7B40FE1C772F}"
EndProject
Project("{FAE04EC0-301F-11D3-BF4B-00C04F79EFBC}") = "OmicronforAutoSteel.Model", "OmicronforAutoSteel.Model\OmicronforAutoSteel.Model.csproj", "{090F08A0-27CC-4F32-BE4C-BC57286F94E0}"
EndProject
Project("{FAE04EC0-301F-11D3-BF4B-00C04F79EFBC}") = "OmicronforAutoSteel.ViewModel", "OmicronforAutoSteel.ViewModel\OmicronforAutoSteel.ViewModel.csproj", "{D22B4920-0038-4A16-A97D-F0D2290EA854}"
EndProject
Project("{FAE04EC0-301F-11D3-BF4B-00C04F79EFBC}") = "ViewROI", "ViewROI\ViewROI.csproj", "{C4F5C5DE-7EA8-47FE-8218-48138F48965F}"
EndProject
Global
	GlobalSection(SolutionConfigurationPlatforms) = preSolution
		Debug|Any CPU = Debug|Any CPU
		Debug|x64 = Debug|x64
		Release|Any CPU = Release|Any CPU
		Release|x64 = Release|x64
	EndGlobalSection
	GlobalSection(ProjectConfigurationPlatforms) = postSolution
		{FEED26CD-3771-40DC-93E6-5E52C7206FF7}.Debug|Any CPU.ActiveCfg = Debug|Any CPU
		{FEED26CD-3771-40DC-93E6-5E52C7206FF7}.Debug|Any CPU.Build.0 = Debug|Any CPU
		{FEED26CD-3771-40DC-93E6-5E52C7206FF7}.Debug|x64.ActiveCfg = Debug|x64
		{FEED26CD-3771-40DC-93E6-5E52C7206FF7}.Debug|x64.Build.0 = Debug|x64
		{FEED26CD-3771-40DC-93E6-5E52C7206FF7}.Release|Any CPU.ActiveCfg = Release|Any CPU
		{FEED26CD-3771-40DC-93E6-5E52C7206FF7}.Release|Any CPU.Build.0 = Release|Any CPU
		{FEED26CD-3771-40DC-93E6-5E52C7206FF7}.Release|x64.ActiveCfg = Release|x64
		{FEED26CD-3771-40DC-93E6-5E52C7206FF7}.Release|x64.Build.0 = Release|x64
		{4AF25010-F781-4A08-886F-7B40FE1C772F}.Debug|Any CPU.ActiveCfg = Debug|Any CPU
		{4AF25010-F781-4A08-886F-7B40FE1C772F}.Debug|Any CPU.Build.0 = Debug|Any CPU
		{4AF25010-F781-4A08-886F-7B40FE1C772F}.Debug|x64.ActiveCfg = Debug|x64
		{4AF25010-F781-4A08-886F-7B40FE1C772F}.Debug|x64.Build.0 = Debug|x64
		{4AF25010-F781-4A08-886F-7B40FE1C772F}.Release|Any CPU.ActiveCfg = Release|Any CPU
		{4AF25010-F781-4A08-886F-7B40FE1C772F}.Release|Any CPU.Build.0 = Release|Any CPU
		{4AF25010-F781-4A08-886F-7B40FE1C772F}.Release|x64.ActiveCfg = Release|x64
		{4AF25010-F781-4A08-886F-7B40FE1C772F}.Release|x64.Build.0 = Release|x64
		{090F08A0-27CC-4F32-BE4C-BC57286F94E0}.Debug|Any CPU.ActiveCfg = Debug|Any CPU
		{090F08A0-27CC-4F32-BE4C-BC57286F94E0}.Debug|Any CPU.Build.0 = Debug|Any CPU
		{090F08A0-27CC-4F32-BE4C-BC57286F94E0}.Debug|x64.ActiveCfg = Debug|x64
		{090F08A0-27CC-4F32-BE4C-BC57286F94E0}.Debug|x64.Build.0 = Debug|x64
		{090F08A0-27CC-4F32-BE4C-BC57286F94E0}.Release|Any CPU.ActiveCfg = Release|Any CPU
		{090F08A0-27CC-4F32-BE4C-BC57286F94E0}.Release|Any CPU.Build.0 = Release|Any CPU
		{090F08A0-27CC-4F32-BE4C-BC57286F94E0}.Release|x64.ActiveCfg = Release|x64
		{090F08A0-27CC-4F32-BE4C-BC57286F94E0}.Release|x64.Build.0 = Release|x64
		{D22B4920-0038-4A16-A97D-F0D2290EA854}.Debug|Any CPU.ActiveCfg = Debug|Any CPU
		{D22B4920-0038-4A16-A97D-F0D2290EA854}.Debug|Any CPU.Build.0 = Debug|Any CPU
		{D22B4920-0038-4A16-A97D-F0D2290EA854}.Debug|x64.ActiveCfg = Debug|x64
		{D22B4920-0038-4A16-A97D-F0D2290EA854}.Debug|x64.Build.0 = Debug|x64
		{D22B4920-0038-4A16-A97D-F0D2290EA854}.Release|Any CPU.ActiveCfg = Release|Any CPU
		{D22B4920-0038-4A16-A97D-F0D2290EA854}.Release|Any CPU.Build.0 = Release|Any CPU
		{D22B4920-0038-4A16-A97D-F0D2290EA854}.Release|x64.ActiveCfg = Release|x64
		{D22B4920-0038-4A16-A97D-F0D2290EA854}.Release|x64.Build.0 = Release|x64
		{C4F5C5DE-7EA8-47FE-8218-48138F48965F}.Debug|Any CPU.ActiveCfg = Debug|Any CPU
		{C4F5C5DE-7EA8-47FE-8218-48138F48965F}.Debug|Any CPU.Build.0 = Debug|Any CPU
		{C4F5C5DE-7EA8-47FE-8218-48138F48965F}.Debug|x64.ActiveCfg = Debug|x64
		{C4F5C5DE-7EA8-47FE-8218-48138F48965F}.Debug|x64.Build.0 = Debug|x64
		{C4F5C5DE-7EA8-47FE-8218-48138F48965F}.Release|Any CPU.ActiveCfg = Release|Any CPU
		{C4F5C5DE-7EA8-47FE-8218-48138F48965F}.Release|Any CPU.Build.0 = Release|Any CPU
		{C4F5C5DE-7EA8-47FE-8218-48138F48965F}.Release|x64.ActiveCfg = Release|x64
		{C4F5C5DE-7EA8-47FE-8218-48138F48965F}.Release|x64.Build.0 = Release|x64
	EndGlobalSection
	GlobalSection(SolutionProperties) = preSolution
		HideSolutionNode = FALSE
	EndGlobalSection
EndGlobal
